
Microsoft Visual Studio Solution File, Format Version 12.00
# Visual Studio 2013
VisualStudioVersion = 12.0.30501.0
MinimumVisualStudioVersion = 10.0.40219.1
Project("{FAE04EC0-301F-11D3-BF4B-00C04F79EFBC}") = "GameStore.Domain", "GameStore.Domain\GameStore.Domain.csproj", "{DCEA9CB6-1E94-4318-A7D6-3B421A49A45A}"
EndProject
Project("{FAE04EC0-301F-11D3-BF4B-00C04F79EFBC}") = "GameStore.WebUI2", "GameStore.WebUI2\GameStore.WebUI2.csproj", "{CB52ACF6-9EE3-48E1-BBB5-8713BAC0ECC0}"
EndProject
Project("{FAE04EC0-301F-11D3-BF4B-00C04F79EFBC}") = "GameStore.UnitTests", "GameStore.UnitTests\GameStore.UnitTests.csproj", "{5AC6B654-6D62-4FF0-89F9-3E48F375D0F8}"
EndProject
Global
	GlobalSection(SolutionConfigurationPlatforms) = preSolution
		Debug|Any CPU = Debug|Any CPU
		Release|Any CPU = Release|Any CPU
	EndGlobalSection
	GlobalSection(ProjectConfigurationPlatforms) = postSolution
		{DCEA9CB6-1E94-4318-A7D6-3B421A49A45A}.Debug|Any CPU.ActiveCfg = Debug|Any CPU
		{DCEA9CB6-1E94-4318-A7D6-3B421A49A45A}.Debug|Any CPU.Build.0 = Debug|Any CPU
		{DCEA9CB6-1E94-4318-A7D6-3B421A49A45A}.Release|Any CPU.ActiveCfg = Release|Any CPU
		{DCEA9CB6-1E94-4318-A7D6-3B421A49A45A}.Release|Any CPU.Build.0 = Release|Any CPU
		{CB52ACF6-9EE3-48E1-BBB5-8713BAC0ECC0}.Debug|Any CPU.ActiveCfg = Debug|Any CPU
		{CB52ACF6-9EE3-48E1-BBB5-8713BAC0ECC0}.Debug|Any CPU.Build.0 = Debug|Any CPU
		{CB52ACF6-9EE3-48E1-BBB5-8713BAC0ECC0}.Release|Any CPU.ActiveCfg = Release|Any CPU
		{CB52ACF6-9EE3-48E1-BBB5-8713BAC0ECC0}.Release|Any CPU.Build.0 = Release|Any CPU
		{5AC6B654-6D62-4FF0-89F9-3E48F375D0F8}.Debug|Any CPU.ActiveCfg = Debug|Any CPU
		{5AC6B654-6D62-4FF0-89F9-3E48F375D0F8}.Debug|Any CPU.Build.0 = Debug|Any CPU
		{5AC6B654-6D62-4FF0-89F9-3E48F375D0F8}.Release|Any CPU.ActiveCfg = Release|Any CPU
		{5AC6B654-6D62-4FF0-89F9-3E48F375D0F8}.Release|Any CPU.Build.0 = Release|Any CPU
	EndGlobalSection
	GlobalSection(SolutionProperties) = preSolution
		HideSolutionNode = FALSE
	EndGlobalSection
EndGlobal
